
Microsoft Visual Studio Solution File, Format Version 12.00
# Visual Studio Version 17
VisualStudioVersion = 17.5.33424.131
MinimumVisualStudioVersion = 10.0.40219.1
Project("{9A19103F-16F7-4668-BE54-9A1E7A4F7556}") = "AppServices", "Application\AppServices\AppServices.csproj", "{ECA088DC-784D-48BD-B4BF-42AFA3A12B66}"
EndProject
Project("{9A19103F-16F7-4668-BE54-9A1E7A4F7556}") = "Domain.Models", "Domain\Domain.Models\Domain.Models.csproj", "{8EF6D588-919D-43C9-A766-32C771EF4A6A}"
EndProject
Project("{9A19103F-16F7-4668-BE54-9A1E7A4F7556}") = "Domain.UseCase", "Domain\Domain.UseCase\Domain.UseCase.csproj", "{96CA92CE-F193-414C-B52E-E9D52DFE9CAC}"
EndProject
Project("{2150E333-8FDC-42A3-9474-1A3956D46DE8}") = "Application", "Application", "{AE3CD7FC-A4CA-4860-B682-6F72534B4B43}"
EndProject
Project("{2150E333-8FDC-42A3-9474-1A3956D46DE8}") = "Domain", "Domain", "{33C6F211-7A7D-468F-9825-75881C3F7D84}"
EndProject
Project("{2150E333-8FDC-42A3-9474-1A3956D46DE8}") = "Infrastructure", "Infrastructure", "{5440BEBB-B324-4F19-B443-995EE5EE2497}"
EndProject
Project("{2150E333-8FDC-42A3-9474-1A3956D46DE8}") = "EntryPoints", "EntryPoints", "{2A302833-BAFE-4BBC-8DD7-15BBF962E584}"
EndProject
Project("{2150E333-8FDC-42A3-9474-1A3956D46DE8}") = "Adapters", "Adapters", "{73E2768F-A32D-47D7-8C3C-8497413D473E}"
EndProject
Project("{9A19103F-16F7-4668-BE54-9A1E7A4F7556}") = "AlarmEntryPoints", "Infrastructure\AlarmEntryPoints\AlarmEntryPoints.csproj", "{014B297B-E0D4-4E02-9B95-5AFA014D3233}"
EndProject
Project("{9A19103F-16F7-4668-BE54-9A1E7A4F7556}") = "AlarmAdapters", "AlarmAdapters\AlarmAdapters.csproj", "{B165CFAC-29DE-45ED-8D55-F6FF8A354028}"
EndProject
Project("{2150E333-8FDC-42A3-9474-1A3956D46DE8}") = "Test", "Test", "{AC3A3E99-26D9-4643-8449-56D47B3F7645}"
EndProject
Project("{2150E333-8FDC-42A3-9474-1A3956D46DE8}") = "Domain", "Domain", "{17CCA0CC-60F2-43E5-B023-387015CD0256}"
EndProject
Project("{2150E333-8FDC-42A3-9474-1A3956D46DE8}") = "Infrastructure", "Infrastructure", "{A7BFBDEF-539B-4DAF-8D27-624A30D2A9CF}"
EndProject
Project("{2150E333-8FDC-42A3-9474-1A3956D46DE8}") = "Models", "Models", "{9FAB3327-0F14-41E1-94C0-BECE9546521B}"
EndProject
Project("{2150E333-8FDC-42A3-9474-1A3956D46DE8}") = "UseCase", "UseCase", "{9D81AC3A-9B39-4AA2-8928-4A222340A00F}"
EndProject
Project("{2150E333-8FDC-42A3-9474-1A3956D46DE8}") = "Adapters", "Adapters", "{3CB4019A-A4C1-438A-B3C5-4D9D4D6BFD80}"
EndProject
Project("{2150E333-8FDC-42A3-9474-1A3956D46DE8}") = "EntryPoints", "EntryPoints", "{DCB27774-A14B-449A-A0ED-255FE1F5921E}"
EndProject
Project("{FAE04EC0-301F-11D3-BF4B-00C04F79EFBC}") = "Domain.Models.Test", "Domain.Models.Test\Domain.Models.Test.csproj", "{58E9C8DF-E3FE-41F2-BF9B-C54F5EA1D43E}"
EndProject
Project("{FAE04EC0-301F-11D3-BF4B-00C04F79EFBC}") = "Domain.UseCase.Test", "Domain.UseCase.Test\Domain.UseCase.Test.csproj", "{9D0157A4-5A11-44C7-AE0C-FC5A9BEC3774}"
EndProject
Project("{FAE04EC0-301F-11D3-BF4B-00C04F79EFBC}") = "Infrastructure.Adapters.Test", "Infrastructure.Adapters.Test\Infrastructure.Adapters.Test.csproj", "{2D273930-AFAA-4F33-B697-0076433578E8}"
EndProject
Project("{FAE04EC0-301F-11D3-BF4B-00C04F79EFBC}") = "Infrastructure.EntryPoints.Test", "Infrastructure.EntryPoints.Test\Infrastructure.EntryPoints.Test.csproj", "{30363B39-25F0-45DC-91F8-2DE94CD005DD}"
EndProject
Global
	GlobalSection(SolutionConfigurationPlatforms) = preSolution
		Debug|Any CPU = Debug|Any CPU
		Release|Any CPU = Release|Any CPU
	EndGlobalSection
	GlobalSection(ProjectConfigurationPlatforms) = postSolution
		{ECA088DC-784D-48BD-B4BF-42AFA3A12B66}.Debug|Any CPU.ActiveCfg = Debug|Any CPU
		{ECA088DC-784D-48BD-B4BF-42AFA3A12B66}.Debug|Any CPU.Build.0 = Debug|Any CPU
		{ECA088DC-784D-48BD-B4BF-42AFA3A12B66}.Release|Any CPU.ActiveCfg = Release|Any CPU
		{ECA088DC-784D-48BD-B4BF-42AFA3A12B66}.Release|Any CPU.Build.0 = Release|Any CPU
		{8EF6D588-919D-43C9-A766-32C771EF4A6A}.Debug|Any CPU.ActiveCfg = Debug|Any CPU
		{8EF6D588-919D-43C9-A766-32C771EF4A6A}.Debug|Any CPU.Build.0 = Debug|Any CPU
		{8EF6D588-919D-43C9-A766-32C771EF4A6A}.Release|Any CPU.ActiveCfg = Release|Any CPU
		{8EF6D588-919D-43C9-A766-32C771EF4A6A}.Release|Any CPU.Build.0 = Release|Any CPU
		{96CA92CE-F193-414C-B52E-E9D52DFE9CAC}.Debug|Any CPU.ActiveCfg = Debug|Any CPU
		{96CA92CE-F193-414C-B52E-E9D52DFE9CAC}.Debug|Any CPU.Build.0 = Debug|Any CPU
		{96CA92CE-F193-414C-B52E-E9D52DFE9CAC}.Release|Any CPU.ActiveCfg = Release|Any CPU
		{96CA92CE-F193-414C-B52E-E9D52DFE9CAC}.Release|Any CPU.Build.0 = Release|Any CPU
		{014B297B-E0D4-4E02-9B95-5AFA014D3233}.Debug|Any CPU.ActiveCfg = Debug|Any CPU
		{014B297B-E0D4-4E02-9B95-5AFA014D3233}.Debug|Any CPU.Build.0 = Debug|Any CPU
		{014B297B-E0D4-4E02-9B95-5AFA014D3233}.Release|Any CPU.ActiveCfg = Release|Any CPU
		{014B297B-E0D4-4E02-9B95-5AFA014D3233}.Release|Any CPU.Build.0 = Release|Any CPU
		{B165CFAC-29DE-45ED-8D55-F6FF8A354028}.Debug|Any CPU.ActiveCfg = Debug|Any CPU
		{B165CFAC-29DE-45ED-8D55-F6FF8A354028}.Debug|Any CPU.Build.0 = Debug|Any CPU
		{B165CFAC-29DE-45ED-8D55-F6FF8A354028}.Release|Any CPU.ActiveCfg = Release|Any CPU
		{B165CFAC-29DE-45ED-8D55-F6FF8A354028}.Release|Any CPU.Build.0 = Release|Any CPU
		{58E9C8DF-E3FE-41F2-BF9B-C54F5EA1D43E}.Debug|Any CPU.ActiveCfg = Debug|Any CPU
		{58E9C8DF-E3FE-41F2-BF9B-C54F5EA1D43E}.Debug|Any CPU.Build.0 = Debug|Any CPU
		{58E9C8DF-E3FE-41F2-BF9B-C54F5EA1D43E}.Release|Any CPU.ActiveCfg = Release|Any CPU
		{58E9C8DF-E3FE-41F2-BF9B-C54F5EA1D43E}.Release|Any CPU.Build.0 = Release|Any CPU
		{9D0157A4-5A11-44C7-AE0C-FC5A9BEC3774}.Debug|Any CPU.ActiveCfg = Debug|Any CPU
		{9D0157A4-5A11-44C7-AE0C-FC5A9BEC3774}.Debug|Any CPU.Build.0 = Debug|Any CPU
		{9D0157A4-5A11-44C7-AE0C-FC5A9BEC3774}.Release|Any CPU.ActiveCfg = Release|Any CPU
		{9D0157A4-5A11-44C7-AE0C-FC5A9BEC3774}.Release|Any CPU.Build.0 = Release|Any CPU
		{2D273930-AFAA-4F33-B697-0076433578E8}.Debug|Any CPU.ActiveCfg = Debug|Any CPU
		{2D273930-AFAA-4F33-B697-0076433578E8}.Debug|Any CPU.Build.0 = Debug|Any CPU
		{2D273930-AFAA-4F33-B697-0076433578E8}.Release|Any CPU.ActiveCfg = Release|Any CPU
		{2D273930-AFAA-4F33-B697-0076433578E8}.Release|Any CPU.Build.0 = Release|Any CPU
		{30363B39-25F0-45DC-91F8-2DE94CD005DD}.Debug|Any CPU.ActiveCfg = Debug|Any CPU
		{30363B39-25F0-45DC-91F8-2DE94CD005DD}.Debug|Any CPU.Build.0 = Debug|Any CPU
		{30363B39-25F0-45DC-91F8-2DE94CD005DD}.Release|Any CPU.ActiveCfg = Release|Any CPU
		{30363B39-25F0-45DC-91F8-2DE94CD005DD}.Release|Any CPU.Build.0 = Release|Any CPU
	EndGlobalSection
	GlobalSection(SolutionProperties) = preSolution
		HideSolutionNode = FALSE
	EndGlobalSection
	GlobalSection(NestedProjects) = preSolution
		{ECA088DC-784D-48BD-B4BF-42AFA3A12B66} = {AE3CD7FC-A4CA-4860-B682-6F72534B4B43}
		{8EF6D588-919D-43C9-A766-32C771EF4A6A} = {33C6F211-7A7D-468F-9825-75881C3F7D84}
		{96CA92CE-F193-414C-B52E-E9D52DFE9CAC} = {33C6F211-7A7D-468F-9825-75881C3F7D84}
		{2A302833-BAFE-4BBC-8DD7-15BBF962E584} = {5440BEBB-B324-4F19-B443-995EE5EE2497}
		{73E2768F-A32D-47D7-8C3C-8497413D473E} = {5440BEBB-B324-4F19-B443-995EE5EE2497}
		{014B297B-E0D4-4E02-9B95-5AFA014D3233} = {2A302833-BAFE-4BBC-8DD7-15BBF962E584}
		{B165CFAC-29DE-45ED-8D55-F6FF8A354028} = {73E2768F-A32D-47D7-8C3C-8497413D473E}
		{17CCA0CC-60F2-43E5-B023-387015CD0256} = {AC3A3E99-26D9-4643-8449-56D47B3F7645}
		{A7BFBDEF-539B-4DAF-8D27-624A30D2A9CF} = {AC3A3E99-26D9-4643-8449-56D47B3F7645}
		{9FAB3327-0F14-41E1-94C0-BECE9546521B} = {17CCA0CC-60F2-43E5-B023-387015CD0256}
		{9D81AC3A-9B39-4AA2-8928-4A222340A00F} = {17CCA0CC-60F2-43E5-B023-387015CD0256}
		{3CB4019A-A4C1-438A-B3C5-4D9D4D6BFD80} = {A7BFBDEF-539B-4DAF-8D27-624A30D2A9CF}
		{DCB27774-A14B-449A-A0ED-255FE1F5921E} = {A7BFBDEF-539B-4DAF-8D27-624A30D2A9CF}
		{58E9C8DF-E3FE-41F2-BF9B-C54F5EA1D43E} = {9FAB3327-0F14-41E1-94C0-BECE9546521B}
		{9D0157A4-5A11-44C7-AE0C-FC5A9BEC3774} = {9D81AC3A-9B39-4AA2-8928-4A222340A00F}
		{2D273930-AFAA-4F33-B697-0076433578E8} = {3CB4019A-A4C1-438A-B3C5-4D9D4D6BFD80}
		{30363B39-25F0-45DC-91F8-2DE94CD005DD} = {DCB27774-A14B-449A-A0ED-255FE1F5921E}
	EndGlobalSection
	GlobalSection(ExtensibilityGlobals) = postSolution
		SolutionGuid = {E6ED8856-7666-4DA5-8734-BFC1FFF9502A}
	EndGlobalSection
EndGlobal
